
Microsoft Visual Studio Solution File, Format Version 12.00
# Visual Studio Version 17
VisualStudioVersion = 17.11.35303.130
MinimumVisualStudioVersion = 10.0.40219.1
Project("{8BC9CEB8-8B4A-11D0-8D11-00A0C91BC942}") = "TinyRaycaster", "TinyRaycaster.vcxproj", "{9A6F2EA5-8416-4224-89FB-3E08A0C106E5}"
EndProject
Global
	GlobalSection(SolutionConfigurationPlatforms) = preSolution
		Debug|x64 = Debug|x64
		Debug|x86 = Debug|x86
		Release|x64 = Release|x64
		Release|x86 = Release|x86
	EndGlobalSection
	GlobalSection(ProjectConfigurationPlatforms) = postSolution
		{9A6F2EA5-8416-4224-89FB-3E08A0C106E5}.Debug|x64.ActiveCfg = Debug|x64
		{9A6F2EA5-8416-4224-89FB-3E08A0C106E5}.Debug|x64.Build.0 = Debug|x64
		{9A6F2EA5-8416-4224-89FB-3E08A0C106E5}.Debug|x86.ActiveCfg = Debug|Win32
		{9A6F2EA5-8416-4224-89FB-3E08A0C106E5}.Debug|x86.Build.0 = Debug|Win32
		{9A6F2EA5-8416-4224-89FB-3E08A0C106E5}.Release|x64.ActiveCfg = Release|x64
		{9A6F2EA5-8416-4224-89FB-3E08A0C106E5}.Release|x64.Build.0 = Release|x64
		{9A6F2EA5-8416-4224-89FB-3E08A0C106E5}.Release|x86.ActiveCfg = Release|Win32
		{9A6F2EA5-8416-4224-89FB-3E08A0C106E5}.Release|x86.Build.0 = Release|Win32
	EndGlobalSection
	GlobalSection(SolutionProperties) = preSolution
		HideSolutionNode = FALSE
	EndGlobalSection
	GlobalSection(ExtensibilityGlobals) = postSolution
		SolutionGuid = {8078B375-04FD-4B67-B378-0FE3346D57DE}
	EndGlobalSection
EndGlobal
